
Microsoft Visual Studio Solution File, Format Version 12.00
# Visual Studio Version 17
VisualStudioVersion = 17.0.31903.59
MinimumVisualStudioVersion = 10.0.40219.1
Project("{FAE04EC0-301F-11D3-BF4B-00C04F79EFBC}") = "PiralSample", "PiralSample\PiralSample.csproj", "{917732A4-1C06-496B-B75F-EADAF11B1A67}"
EndProject
Project("{FAE04EC0-301F-11D3-BF4B-00C04F79EFBC}") = "Pilet1", "Pilet1\Pilet1.csproj", "{1A750D9E-898C-4AAE-B2DF-C8A7D9D82B71}"
EndProject
Global
	GlobalSection(SolutionConfigurationPlatforms) = preSolution
		Debug|Any CPU = Debug|Any CPU
		Release|Any CPU = Release|Any CPU
	EndGlobalSection
	GlobalSection(ProjectConfigurationPlatforms) = postSolution
		{917732A4-1C06-496B-B75F-EADAF11B1A67}.Debug|Any CPU.ActiveCfg = Debug|Any CPU
		{917732A4-1C06-496B-B75F-EADAF11B1A67}.Debug|Any CPU.Build.0 = Debug|Any CPU
		{917732A4-1C06-496B-B75F-EADAF11B1A67}.Release|Any CPU.ActiveCfg = Release|Any CPU
		{917732A4-1C06-496B-B75F-EADAF11B1A67}.Release|Any CPU.Build.0 = Release|Any CPU
		{1A750D9E-898C-4AAE-B2DF-C8A7D9D82B71}.Debug|Any CPU.ActiveCfg = Debug|Any CPU
		{1A750D9E-898C-4AAE-B2DF-C8A7D9D82B71}.Debug|Any CPU.Build.0 = Debug|Any CPU
		{1A750D9E-898C-4AAE-B2DF-C8A7D9D82B71}.Release|Any CPU.ActiveCfg = Release|Any CPU
		{1A750D9E-898C-4AAE-B2DF-C8A7D9D82B71}.Release|Any CPU.Build.0 = Release|Any CPU
	EndGlobalSection
	GlobalSection(SolutionProperties) = preSolution
		HideSolutionNode = FALSE
	EndGlobalSection
EndGlobal
